{
  "name": "humanharness",
  "version": "0.1.0",
  "lockfileVersion": 3,
  "requires": true,
  "packages": {
    "": {
      "name": "humanharness",
      "version": "0.1.0",
      "license": "MIT",
      "dependencies": {
        "@laserdata/laser-sdk": "^0.0.2",
        "dotenv": "^17.4.2",
        "falkordb": "^6.7.0",
        "rocketride": "^1.3.0"
      },
      "bin": {
        "humanharness": "bin/humanharness.js"
      },
      "devDependencies": {
        "electron": "^43.2.0"
      }
    },
    "node_modules/@electron-internal/extract-zip": {
      "version": "1.0.5",
      "resolved": "https://registry.npmjs.org/@electron-internal/extract-zip/-/extract-zip-1.0.5.tgz",
      "integrity": "sha512-+bqFCP98pLI0Tt0XQo1TmlXtwjWchISndDOxCkEcIuUgXWpBnLyRI+2DU+mesvnMMX6L1XDqYNA0lXNDHd/yiA==",
      "dev": true,
      "license": "BSD-2-Clause",
      "engines": {
        "node": ">=22.12.0"
      }
    },
    "node_modules/@electron/get": {
      "version": "5.1.0",
      "resolved": "https://registry.npmjs.org/@electron/get/-/get-5.1.0.tgz",
      "integrity": "sha512-3kSBtG8ObcTVfXanm5vVJ6UnBLEVmVsRk1M+vGqCuMBV+XLCbJYuWQful+yIy0GQDsSlK0kHEriEHn7SPk4EnA==",
      "dev": true,
      "license": "MIT",
      "dependencies": {
        "debug": "^4.1.1",
        "env-paths": "^3.0.0",
        "graceful-fs": "^4.2.11",
        "progress": "^2.0.3",
        "semver": "^7.6.3",
        "sumchecker": "^3.0.1"
      },
      "engines": {
        "node": ">=22.12.0"
      },
      "optionalDependencies": {
        "undici": "^7.24.4"
      }
    },
    "node_modules/@isaacs/cliui": {
      "version": "8.0.2",
      "resolved": "https://registry.npmjs.org/@isaacs/cliui/-/cliui-8.0.2.tgz",
      "integrity": "sha512-O8jcjabXaleOG9DQ0+ARXWZBTfnP4WNAqzuiJK7ll44AmxGKv/J2M4TPjxjY3znBCfvBXFzucm1twdyFybFqEA==",
      "license": "ISC",
      "dependencies": {
        "string-width": "^5.1.2",
        "string-width-cjs": "npm:string-width@^4.2.0",
        "strip-ansi": "^7.0.1",
        "strip-ansi-cjs": "npm:strip-ansi@^6.0.1",
        "wrap-ansi": "^8.1.0",
        "wrap-ansi-cjs": "npm:wrap-ansi@^7.0.0"
      },
      "engines": {
        "node": ">=12"
      }
    },
    "node_modules/@js-temporal/polyfill": {
      "version": "0.5.1",
      "resolved": "https://registry.npmjs.org/@js-temporal/polyfill/-/polyfill-0.5.1.tgz",
      "integrity": "sha512-hloP58zRVCRSpgDxmqCWJNlizAlUgJFqG2ypq79DCvyv9tHjRYMDOcPFjzfl/A1/YxDvRCZz8wvZvmapQnKwFQ==",
      "license": "ISC",
      "dependencies": {
        "jsbi": "^4.3.0"
      },
      "engines": {
        "node": ">=12"
      }
    },
    "node_modules/@laserdata/laser-sdk": {
      "version": "0.0.2",
      "resolved": "https://registry.npmjs.org/@laserdata/laser-sdk/-/laser-sdk-0.0.2.tgz",
      "integrity": "sha512-MdDrdUL/+v6lSc5YuRrRtDlRz30FpSQoQyTzPoH1AZi3br5WSFppAq16/Dluq4bZ+yaPVbbxAgFZQ28Kd2pgLg==",
      "license": "Apache-2.0",
      "dependencies": {
        "@msgpack/msgpack": "^3.1.3",
        "@noble/ed25519": "3.1.0",
        "@noble/hashes": "2.2.0",
        "@types/node": "22.20.1",
        "ajv": "8.20.0",
        "apache-iggy": "0.8.1-edge.3",
        "avsc": "5.7.9",
        "cborg": "^6.1.1",
        "protobufjs": "8.7.1"
      },
      "engines": {
        "node": ">=22.14.0"
      }
    },
    "node_modules/@laserdata/laser-sdk/node_modules/@types/node": {
      "version": "22.20.1",
      "resolved": "https://registry.npmjs.org/@types/node/-/node-22.20.1.tgz",
      "integrity": "sha512-EANqOCF9QFyra+4pfxUcX9STKJpCLjMbObVzljIJomAWSnuSIEAvyzEU53GaajbXJEgdh0iEcPL+DGvpUd4k1Q==",
      "license": "MIT",
      "dependencies": {
        "undici-types": "~6.21.0"
      }
    },
    "node_modules/@laserdata/laser-sdk/node_modules/undici-types": {
      "version": "6.21.0",
      "resolved": "https://registry.npmjs.org/undici-types/-/undici-types-6.21.0.tgz",
      "integrity": "sha512-iwDZqg0QAGrg9Rav5H4n0M64c3mkR59cJ6wQp+7C4nI0gsmExaedaYLNO44eT4AtBBwjbTiGPMlt2Md0T9H9JQ==",
      "license": "MIT"
    },
    "node_modules/@msgpack/msgpack": {
      "version": "3.1.3",
      "resolved": "https://registry.npmjs.org/@msgpack/msgpack/-/msgpack-3.1.3.tgz",
      "integrity": "sha512-47XIizs9XZXvuJgoaJUIE2lFoID8ugvc0jzSHP+Ptfk8nTbnR8g788wv48N03Kx0UkAv559HWRQ3yzOgzlRNUA==",
      "license": "ISC",
      "engines": {
        "node": ">= 18"
      }
    },
    "node_modules/@noble/ed25519": {
      "version": "3.1.0",
      "resolved": "https://registry.npmjs.org/@noble/ed25519/-/ed25519-3.1.0.tgz",
      "integrity": "sha512-pfcObRY3CtvwfaG9Mt5XqZdKmAQppl37tHUeuBhDUbiwJBCVY4/A4lbMvb1xKhMDx96AqAqZpMWuBX1HulhX4g==",
      "license": "MIT",
      "funding": {
        "url": "https://paulmillr.com/funding/"
      }
    },
    "node_modules/@noble/hashes": {
      "version": "2.2.0",
      "resolved": "https://registry.npmjs.org/@noble/hashes/-/hashes-2.2.0.tgz",
      "integrity": "sha512-IYqDGiTXab6FniAgnSdZwgWbomxpy9FtYvLKs7wCUs2a8RkITG+DFGO1DM9cr+E3/RgADRpFjrKVaJ1z6sjtEg==",
      "license": "MIT",
      "engines": {
        "node": ">= 20.19.0"
      },
      "funding": {
        "url": "https://paulmillr.com/funding/"
      }
    },
    "node_modules/@pkgjs/parseargs": {
      "version": "0.11.0",
      "resolved": "https://registry.npmjs.org/@pkgjs/parseargs/-/parseargs-0.11.0.tgz",
      "integrity": "sha512-+1VkjdD0QBLPodGrJUeqarH8VAIvQODIbwh9XpP5Syisf7YoQgsJKPNFoqqLQlu+VQ/tVSshMR6loPMn8U+dPg==",
      "license": "MIT",
      "optional": true,
      "engines": {
        "node": ">=14"
      }
    },
    "node_modules/@redis/bloom": {
      "version": "5.12.1",
      "resolved": "https://registry.npmjs.org/@redis/bloom/-/bloom-5.12.1.tgz",
      "integrity": "sha512-PUUfv+ms7jgPSBVoo/DN4AkPHj4D5TZSd6SbJX7egzBplkYUcKmHRE8RKia7UtZ8bSQbLguLvxVO+asKtQfZWA==",
      "license": "MIT",
      "engines": {
        "node": ">= 18.19.0"
      },
      "peerDependencies": {
        "@redis/client": "^5.12.1"
      }
    },
    "node_modules/@redis/client": {
      "version": "5.12.1",
      "resolved": "https://registry.npmjs.org/@redis/client/-/client-5.12.1.tgz",
      "integrity": "sha512-7aPGWeqA3uFm43o19umzdl16CEjK/JQGtSXVPevplTaOU3VJA/rseBC1QvYUz9lLDIMBimc4SW/zrW4S89BaCA==",
      "license": "MIT",
      "dependencies": {
        "cluster-key-slot": "1.1.2"
      },
      "engines": {
        "node": ">= 18.19.0"
      },
      "peerDependencies": {
        "@node-rs/xxhash": "^1.1.0",
        "@opentelemetry/api": ">=1 <2"
      },
      "peerDependenciesMeta": {
        "@node-rs/xxhash": {
          "optional": true
        },
        "@opentelemetry/api": {
          "optional": true
        }
      }
    },
    "node_modules/@redis/json": {
      "version": "5.12.1",
      "resolved": "https://registry.npmjs.org/@redis/json/-/json-5.12.1.tgz",
      "integrity": "sha512-eOze75esLve4vfqDel7aMX08CNaiLLQS2fV8mpRN9NxPe1rVR4vQyYiW/OgtGUysF6QOr9ANhfxABKNOJfXdKg==",
      "license": "MIT",
      "engines": {
        "node": ">= 18.19.0"
      },
      "peerDependencies": {
        "@redis/client": "^5.12.1"
      }
    },
    "node_modules/@redis/search": {
      "version": "5.12.1",
      "resolved": "https://registry.npmjs.org/@redis/search/-/search-5.12.1.tgz",
      "integrity": "sha512-ItlxbxC9cKI6IU1TLWoczwJCRb6TdmkEpWv05UrPawqaAnWGRu3rcIqsc5vN483T2fSociuyV1UkWIL5I4//2w==",
      "license": "MIT",
      "engines": {
        "node": ">= 18.19.0"
      },
      "peerDependencies": {
        "@redis/client": "^5.12.1"
      }
    },
    "node_modules/@redis/time-series": {
      "version": "5.12.1",
      "resolved": "https://registry.npmjs.org/@redis/time-series/-/time-series-5.12.1.tgz",
      "integrity": "sha512-c6JL6E3EcZJuNqKFz+KM+l9l5mpcQiKvTwgA3blt5glWJ8hjDk0yeHN3beE/MpqYIQ8UEX44ItQzgkE/gCBELQ==",
      "license": "MIT",
      "engines": {
        "node": ">= 18.19.0"
      },
      "peerDependencies": {
        "@redis/client": "^5.12.1"
      }
    },
    "node_modules/@swc/core-darwin-arm64": {
      "version": "1.15.47",
      "resolved": "https://registry.npmjs.org/@swc/core-darwin-arm64/-/core-darwin-arm64-1.15.47.tgz",
      "integrity": "sha512-GsoMtan3ojGGMGFbl31mmRu5ctZ56re8grGE8mO/OHJ8O+JRkzod02fe7X6ZQ8JvamA3imkEkx/h3u+vsOgPgA==",
      "cpu": [
        "arm64"
      ],
      "license": "Apache-2.0 AND MIT",
      "optional": true,
      "os": [
        "darwin"
      ],
      "engines": {
        "node": ">=10"
      }
    },
    "node_modules/@swc/core-darwin-x64": {
      "version": "1.15.47",
      "resolved": "https://registry.npmjs.org/@swc/core-darwin-x64/-/core-darwin-x64-1.15.47.tgz",
      "integrity": "sha512-leTi7Rx3KF4zcC637iqWgk9SoV8VXAD8ppQYXsep63px5A/UftOcxLN1pmr8Z1si/YvX90ompP/rHgpYkgwXWg==",
      "cpu": [
        "x64"
      ],
      "license": "Apache-2.0 AND MIT",
      "optional": true,
      "os": [
        "darwin"
      ],
      "engines": {
        "node": ">=10"
      }
    },
    "node_modules/@swc/core-linux-arm-gnueabihf": {
      "version": "1.15.47",
      "resolved": "https://registry.npmjs.org/@swc/core-linux-arm-gnueabihf/-/core-linux-arm-gnueabihf-1.15.47.tgz",
      "integrity": "sha512-hBqHuoWKKIsKmDBn9qVeWqj5GWZhtlcczVaqQmNRXsDfq+voR5CxKRfamA367QjJXtceYuliLFfEL8QsskRM2g==",
      "cpu": [
        "arm"
      ],
      "license": "Apache-2.0",
      "optional": true,
      "os": [
        "linux"
      ],
      "engines": {
        "node": ">=10"
      }
    },
    "node_modules/@swc/core-linux-arm64-gnu": {
      "version": "1.15.47",
      "resolved": "https://registry.npmjs.org/@swc/core-linux-arm64-gnu/-/core-linux-arm64-gnu-1.15.47.tgz",
      "integrity": "sha512-TBxvRz+B4K205TWHHZxWVxkC2RFNP/Mz3PNcECBos5PsKwxjg3QSJzdoebr0VCf0Bfh8HOPldKxAP/8XkFe9gA==",
      "cpu": [
        "arm64"
      ],
      "libc": [
        "glibc"
      ],
      "license": "Apache-2.0 AND MIT",
      "optional": true,
      "os": [
        "linux"
      ],
      "engines": {
        "node": ">=10"
      }
    },
    "node_modules/@swc/core-linux-arm64-musl": {
      "version": "1.15.47",
      "resolved": "https://registry.npmjs.org/@swc/core-linux-arm64-musl/-/core-linux-arm64-musl-1.15.47.tgz",
      "integrity": "sha512-3Yu3Uq/VgytqsPjTMbkPU1ExADytbdWbruJYhA584E9jrpE2Ki+R6VVPoZCeAVk1Cb7QxcRTgblw6bSa6a/R+w==",
      "cpu": [
        "arm64"
      ],
      "libc": [
        "musl"
      ],
      "license": "Apache-2.0 AND MIT",
      "optional": true,
      "os": [
        "linux"
      ],
      "engines": {
        "node": ">=10"
      }
    },
    "node_modules/@swc/core-linux-x64-gnu": {
      "version": "1.15.47",
      "resolved": "https://registry.npmjs.org/@swc/core-linux-x64-gnu/-/core-linux-x64-gnu-1.15.47.tgz",
      "integrity": "sha512-TjfhjgP/jGCfFHYC3JQPhJA1HwErbIJ9JfREDc1KNkvY6P0LodCgKVIlQ5deeTbkG7ih3bF5PHJLuLpaZjdRyQ==",
      "cpu": [
        "x64"
      ],
      "libc": [
        "glibc"
      ],
      "license": "Apache-2.0 AND MIT",
      "optional": true,
      "os": [
        "linux"
      ],
      "engines": {
        "node": ">=10"
      }
    },
    "node_modules/@swc/core-linux-x64-musl": {
      "version": "1.15.47",
      "resolved": "https://registry.npmjs.org/@swc/core-linux-x64-musl/-/core-linux-x64-musl-1.15.47.tgz",
      "integrity": "sha512-CQpS8Ge/avfjZd0UEwG/sds83Uu32deQXcV1Jo3jD0mmvQQqtYAjpsDZXugmheeAwmt+YIuoVtVHro8LMYHqsQ==",
      "cpu": [
        "x64"
      ],
      "libc": [
        "musl"
      ],
      "license": "Apache-2.0 AND MIT",
      "optional": true,
      "os": [
        "linux"
      ],
      "engines": {
        "node": ">=10"
      }
    },
    "node_modules/@swc/core-win32-arm64-msvc": {
      "version": "1.15.47",
      "resolved": "https://registry.npmjs.org/@swc/core-win32-arm64-msvc/-/core-win32-arm64-msvc-1.15.47.tgz",
      "integrity": "sha512-0W8IKHsUTYiT7G2RqtOoVWk+89yzZikIiDUb/sCK6BmQDBhN91hQSfyUtW12jhEWLzYgcfmisfsZrmZE+84U1A==",
      "cpu": [
        "arm64"
      ],
      "license": "Apache-2.0 AND MIT",
      "optional": true,
      "os": [
        "win32"
      ],
      "engines": {
        "node": ">=10"
      }
    },
    "node_modules/@swc/core-win32-ia32-msvc": {
      "version": "1.15.47",
      "resolved": "https://registry.npmjs.org/@swc/core-win32-ia32-msvc/-/core-win32-ia32-msvc-1.15.47.tgz",
      "integrity": "sha512-ZIp49d2Z4/ka2jO9otOg4hDvTdPmp86kVOgS2M5FCPI7eKKZ1W0boxWn+8XeZrfERtFGW0AlMRm4JhlJa7l3NA==",
      "cpu": [
        "ia32"
      ],
      "license": "Apache-2.0 AND MIT",
      "optional": true,
      "os": [
        "win32"
      ],
      "engines": {
        "node": ">=10"
      }
    },
    "node_modules/@swc/core-win32-x64-msvc": {
      "version": "1.15.47",
      "resolved": "https://registry.npmjs.org/@swc/core-win32-x64-msvc/-/core-win32-x64-msvc-1.15.47.tgz",
      "integrity": "sha512-2h8Iek95vnixkBRCo+H8p09+Q5ll2NgSMFrWTy0iKt7+/t+8/T5mBpiT6c0ZxSS7wcWjwZ9sGZkK70tTSYHdDw==",
      "cpu": [
        "x64"
      ],
      "license": "Apache-2.0 AND MIT",
      "optional": true,
      "os": [
        "win32"
      ],
      "engines": {
        "node": ">=10"
      }
    },
    "node_modules/@types/node": {
      "version": "24.13.3",
      "resolved": "https://registry.npmjs.org/@types/node/-/node-24.13.3.tgz",
      "integrity": "sha512-Dh8vAsV36ig5wa9OX4pXvMc9D3Veibfw2wix0CUwYODLD8nkj9UsLjASr49nPg+2eKzxhBV+v7L8pXvT4e639Q==",
      "dev": true,
      "license": "MIT",
      "dependencies": {
        "undici-types": "~7.18.0"
      }
    },
    "node_modules/ajv": {
      "version": "8.20.0",
      "resolved": "https://registry.npmjs.org/ajv/-/ajv-8.20.0.tgz",
      "integrity": "sha512-Thbli+OlOj+iMPYFBVBfJ3OmCAnaSyNn4M1vz9T6Gka5Jt9ba/HIR56joy65tY6kx/FCF5VXNB819Y7/GUrBGA==",
      "license": "MIT",
      "dependencies": {
        "fast-deep-equal": "^3.1.3",
        "fast-uri": "^3.0.1",
        "json-schema-traverse": "^1.0.0",
        "require-from-string": "^2.0.2"
      },
      "funding": {
        "type": "github",
        "url": "https://github.com/sponsors/epoberezkin"
      }
    },
    "node_modules/ansi-regex": {
      "version": "6.2.2",
      "resolved": "https://registry.npmjs.org/ansi-regex/-/ansi-regex-6.2.2.tgz",
      "integrity": "sha512-Bq3SmSpyFHaWjPk8If9yc6svM8c56dB5BAtW4Qbw5jHTwwXXcTLoRMkpDJp6VL0XzlWaCHTXrkFURMYmD0sLqg==",
      "license": "MIT",
      "engines": {
        "node": ">=12"
      },
      "funding": {
        "url": "https://github.com/chalk/ansi-regex?sponsor=1"
      }
    },
    "node_modules/ansi-styles": {
      "version": "6.2.3",
      "resolved": "https://registry.npmjs.org/ansi-styles/-/ansi-styles-6.2.3.tgz",
      "integrity": "sha512-4Dj6M28JB+oAH8kFkTLUo+a2jwOFkuqb3yucU0CANcRRUbxS0cP0nZYCGjcc3BNXwRIsUVmDGgzawme7zvJHvg==",
      "license": "MIT",
      "engines": {
        "node": ">=12"
      },
      "funding": {
        "url": "https://github.com/chalk/ansi-styles?sponsor=1"
      }
    },
    "node_modules/apache-iggy": {
      "version": "0.8.1-edge.3",
      "resolved": "https://registry.npmjs.org/apache-iggy/-/apache-iggy-0.8.1-edge.3.tgz",
      "integrity": "sha512-9hLEMc1FJwsBnDbLy0xRxv73JIDMAj3/oaOFm0za7OU1o9WZD4DSTgJoKxK8evps0/jyim8RDsS0zZH6jX+BvA==",
      "license": "Apache-2.0",
      "dependencies": {
        "debug": "4.4.3",
        "generic-pool": "3.9.0",
        "uuidv7": "1.2.1"
      },
      "optionalDependencies": {
        "@swc/core-darwin-arm64": "^1.15.3",
        "@swc/core-darwin-x64": "^1.15.3",
        "@swc/core-linux-arm-gnueabihf": "^1.15.3",
        "@swc/core-linux-arm64-gnu": "^1.15.3",
        "@swc/core-linux-arm64-musl": "^1.15.3",
        "@swc/core-linux-x64-gnu": "^1.15.3",
        "@swc/core-linux-x64-musl": "^1.15.3",
        "@swc/core-win32-arm64-msvc": "^1.15.3",
        "@swc/core-win32-ia32-msvc": "^1.15.3",
        "@swc/core-win32-x64-msvc": "^1.15.3"
      }
    },
    "node_modules/avsc": {
      "version": "5.7.9",
      "resolved": "https://registry.npmjs.org/avsc/-/avsc-5.7.9.tgz",
      "integrity": "sha512-yOA4wFeI7ET3v32Di/sUybQ+ttP20JHSW3mxLuNGeO0uD6PPcvLrIQXSvy/rhJOWU5JrYh7U4OHplWMmtAtjMg==",
      "license": "MIT",
      "engines": {
        "node": ">=0.11"
      }
    },
    "node_modules/balanced-match": {
      "version": "1.0.2",
      "resolved": "https://registry.npmjs.org/balanced-match/-/balanced-match-1.0.2.tgz",
      "integrity": "sha512-3oSeUO0TMV67hN1AmbXsK4yaqU7tjiHlbxRDZOpH0KW9+CeX4bRAaX0Anxt0tx2MrpRpWwQaPwIlISEJhYU5Pw==",
      "license": "MIT"
    },
    "node_modules/brace-expansion": {
      "version": "2.1.4",
      "resolved": "https://registry.npmjs.org/brace-expansion/-/brace-expansion-2.1.4.tgz",
      "integrity": "sha512-hGfVzPxthbf3+2yjg/RBs60cB0FhqBS/zvdV/4wn4/BmN0bNMMHPc4V/BbFieqf1TKAGGAHnY4eSjajCl0f2Xg==",
      "license": "MIT",
      "dependencies": {
        "balanced-match": "^1.0.0"
      }
    },
    "node_modules/cborg": {
      "version": "6.1.1",
      "resolved": "https://registry.npmjs.org/cborg/-/cborg-6.1.1.tgz",
      "integrity": "sha512-Ci8+V1OMFtqea8EXicsATqV+3kEqCGXCicM+5MEzpKTxqy58WMzhJUjtUqAjfWpKPZ0wpG8F+u5mC8Xy/0Zevg==",
      "license": "Apache-2.0",
      "bin": {
        "cborg": "lib/bin.js"
      }
    },
    "node_modules/cluster-key-slot": {
      "version": "1.1.2",
      "resolved": "https://registry.npmjs.org/cluster-key-slot/-/cluster-key-slot-1.1.2.tgz",
      "integrity": "sha512-RMr0FhtfXemyinomL4hrWcYJxmX6deFdCxpJzhDttxgO1+bcCnkk+9drydLVDmAMG7NE6aN/fl4F7ucU/90gAA==",
      "license": "Apache-2.0",
      "engines": {
        "node": ">=0.10.0"
      }
    },
    "node_modules/color-convert": {
      "version": "2.0.1",
      "resolved": "https://registry.npmjs.org/color-convert/-/color-convert-2.0.1.tgz",
      "integrity": "sha512-RRECPsj7iu/xb5oKYcsFHSppFNnsj/52OVTRKb4zP5onXwVF3zVmmToNcOfGC+CRDpfK/U584fMg38ZHCaElKQ==",
      "license": "MIT",
      "dependencies": {
        "color-name": "~1.1.4"
      },
      "engines": {
        "node": ">=7.0.0"
      }
    },
    "node_modules/color-name": {
      "version": "1.1.4",
      "resolved": "https://registry.npmjs.org/color-name/-/color-name-1.1.4.tgz",
      "integrity": "sha512-dOy+3AuW3a2wNbZHIuMZpTcgjGuLU/uBL/ubcZF9OXbDo8ff4O8yVp5Bf0efS8uEoYo5q4Fx7dY9OgQGXgAsQA==",
      "license": "MIT"
    },
    "node_modules/commander": {
      "version": "12.1.0",
      "resolved": "https://registry.npmjs.org/commander/-/commander-12.1.0.tgz",
      "integrity": "sha512-Vw8qHK3bZM9y/P10u3Vib8o/DdkvA2OtPtZvD871QKjy74Wj1WSKFILMPRPSdUSx5RFK1arlJzEtA4PkFgnbuA==",
      "license": "MIT",
      "engines": {
        "node": ">=18"
      }
    },
    "node_modules/cross-spawn": {
      "version": "7.0.6",
      "resolved": "https://registry.npmjs.org/cross-spawn/-/cross-spawn-7.0.6.tgz",
      "integrity": "sha512-uV2QOWP2nWzsy2aMp8aRibhi9dlzF5Hgh5SHaB9OiTGEyDTiJJyx0uy51QXdyWbtAHNua4XJzUKca3OzKUd3vA==",
      "license": "MIT",
      "dependencies": {
        "path-key": "^3.1.0",
        "shebang-command": "^2.0.0",
        "which": "^2.0.1"
      },
      "engines": {
        "node": ">= 8"
      }
    },
    "node_modules/debug": {
      "version": "4.4.3",
      "resolved": "https://registry.npmjs.org/debug/-/debug-4.4.3.tgz",
      "integrity": "sha512-RGwwWnwQvkVfavKVt22FGLw+xYSdzARwm0ru6DhTVA3umU5hZc28V3kO4stgYryrTlLpuvgI9GiijltAjNbcqA==",
      "license": "MIT",
      "dependencies": {
        "ms": "^2.1.3"
      },
      "engines": {
        "node": ">=6.0"
      },
      "peerDependenciesMeta": {
        "supports-color": {
          "optional": true
        }
      }
    },
    "node_modules/dotenv": {
      "version": "17.4.2",
      "resolved": "https://registry.npmjs.org/dotenv/-/dotenv-17.4.2.tgz",
      "integrity": "sha512-nI4U3TottKAcAD9LLud4Cb7b2QztQMUEfHbvhTH09bqXTxnSie8WnjPALV/WMCrJZ6UV/qHJ6L03OqO3LcdYZw==",
      "license": "BSD-2-Clause",
      "engines": {
        "node": ">=12"
      },
      "funding": {
        "url": "https://dotenvx.com"
      }
    },
    "node_modules/eastasianwidth": {
      "version": "0.2.0",
      "resolved": "https://registry.npmjs.org/eastasianwidth/-/eastasianwidth-0.2.0.tgz",
      "integrity": "sha512-I88TYZWc9XiYHRQ4/3c5rjjfgkjhLyW2luGIheGERbNQ6OY7yTybanSpDXZa8y7VUP9YmDcYa+eyq4ca7iLqWA==",
      "license": "MIT"
    },
    "node_modules/electron": {
      "version": "43.2.0",
      "resolved": "https://registry.npmjs.org/electron/-/electron-43.2.0.tgz",
      "integrity": "sha512-80zvrgG7ZRXD+tD0IyLvrnN9n+veSxadMRsMaC9wKKP3iUbtC7rGM8+dVuCmOb0Rrwwv8ESW4awnUZh9Hbp1fA==",
      "dev": true,
      "license": "MIT",
      "dependencies": {
        "@electron-internal/extract-zip": "^1.0.1",
        "@electron/get": "^5.0.0",
        "@types/node": "^24.9.0"
      },
      "bin": {
        "electron": "cli.js",
        "install-electron": "install.js"
      },
      "engines": {
        "node": ">= 22.12.0"
      }
    },
    "node_modules/emoji-regex": {
      "version": "9.2.2",
      "resolved": "https://registry.npmjs.org/emoji-regex/-/emoji-regex-9.2.2.tgz",
      "integrity": "sha512-L18DaJsXSUk2+42pv8mLs5jJT2hqFkFE4j21wOmgbUqsZ2hL72NsUU785g9RXgo3s0ZNgVl42TiHp3ZtOv/Vyg==",
      "license": "MIT"
    },
    "node_modules/env-paths": {
      "version": "3.0.0",
      "resolved": "https://registry.npmjs.org/env-paths/-/env-paths-3.0.0.tgz",
      "integrity": "sha512-dtJUTepzMW3Lm/NPxRf3wP4642UWhjL2sQxc+ym2YMj1m/H2zDNQOlezafzkHwn6sMstjHTwG6iQQsctDW/b1A==",
      "dev": true,
      "license": "MIT",
      "engines": {
        "node": "^12.20.0 || ^14.13.1 || >=16.0.0"
      },
      "funding": {
        "url": "https://github.com/sponsors/sindresorhus"
      }
    },
    "node_modules/falkordb": {
      "version": "6.7.0",
      "resolved": "https://registry.npmjs.org/falkordb/-/falkordb-6.7.0.tgz",
      "integrity": "sha512-02y7+fF19fgVPIt0zK9FJxiKJATSLZFHO8SuiscUbRPx/kfg3kRITsmjiR1q/0KuEW5FHfMuB73KQMFmqX7Www==",
      "license": "MIT",
      "workspaces": [
        "./packages/*"
      ],
      "dependencies": {
        "@js-temporal/polyfill": "^0.5.1",
        "@redis/client": "^5.10.0",
        "cluster-key-slot": "1.1.2",
        "generic-pool": "^3.9.0",
        "lodash": "^4.17.21",
        "redis": "^5.10.0"
      },
      "engines": {
        "node": ">=22"
      }
    },
    "node_modules/fast-deep-equal": {
      "version": "3.1.3",
      "resolved": "https://registry.npmjs.org/fast-deep-equal/-/fast-deep-equal-3.1.3.tgz",
      "integrity": "sha512-f3qQ9oQy9j2AhBe/H9VC91wLmKBCCU/gDOnKNAYG5hswO7BLKj09Hc5HYNz9cGI++xlpDCIgDaitVs03ATR84Q==",
      "license": "MIT"
    },
    "node_modules/fast-uri": {
      "version": "3.1.5",
      "resolved": "https://registry.npmjs.org/fast-uri/-/fast-uri-3.1.5.tgz",
      "integrity": "sha512-gHwA1O9LDIcKunMKhObS/HimwtehO1nPUECKAu5TpKgaO19fcWEl4bliWe1jWxVFvIXztJjjQ4L8XQ1EU9f7Jw==",
      "funding": [
        {
          "type": "github",
          "url": "https://github.com/sponsors/fastify"
        },
        {
          "type": "opencollective",
          "url": "https://opencollective.com/fastify"
        }
      ],
      "license": "BSD-3-Clause"
    },
    "node_modules/foreground-child": {
      "version": "3.3.1",
      "resolved": "https://registry.npmjs.org/foreground-child/-/foreground-child-3.3.1.tgz",
      "integrity": "sha512-gIXjKqtFuWEgzFRJA9WCQeSJLZDjgJUOMCMzxtvFq/37KojM1BFGufqsCy0r4qSQmYLsZYMeyRqzIWOMup03sw==",
      "license": "ISC",
      "dependencies": {
        "cross-spawn": "^7.0.6",
        "signal-exit": "^4.0.1"
      },
      "engines": {
        "node": ">=14"
      },
      "funding": {
        "url": "https://github.com/sponsors/isaacs"
      }
    },
    "node_modules/generic-pool": {
      "version": "3.9.0",
      "resolved": "https://registry.npmjs.org/generic-pool/-/generic-pool-3.9.0.tgz",
      "integrity": "sha512-hymDOu5B53XvN4QT9dBmZxPX4CWhBPPLguTZ9MMFeFa/Kg0xWVfylOVNlJji/E7yTZWFd/q9GO5TxDLq156D7g==",
      "license": "MIT",
      "engines": {
        "node": ">= 4"
      }
    },
    "node_modules/glob": {
      "version": "10.5.0",
      "resolved": "https://registry.npmjs.org/glob/-/glob-10.5.0.tgz",
      "integrity": "sha512-DfXN8DfhJ7NH3Oe7cFmu3NCu1wKbkReJ8TorzSAFbSKrlNaQSKfIzqYqVY8zlbs2NLBbWpRiU52GX2PbaBVNkg==",
      "deprecated": "Old versions of glob are not supported, and contain widely publicized security vulnerabilities, which have been fixed in the current version. Please update. Support for old versions may be purchased (at exorbitant rates) by contacting i@izs.me",
      "license": "ISC",
      "dependencies": {
        "foreground-child": "^3.1.0",
        "jackspeak": "^3.1.2",
        "minimatch": "^9.0.4",
        "minipass": "^7.1.2",
        "package-json-from-dist": "^1.0.0",
        "path-scurry": "^1.11.1"
      },
      "bin": {
        "glob": "dist/esm/bin.mjs"
      },
      "funding": {
        "url": "https://github.com/sponsors/isaacs"
      }
    },
    "node_modules/graceful-fs": {
      "version": "4.2.11",
      "resolved": "https://registry.npmjs.org/graceful-fs/-/graceful-fs-4.2.11.tgz",
      "integrity": "sha512-RbJ5/jmFcNNCcDV5o9eTnBLJ/HszWV0P73bc+Ff4nS/rJj+YaS6IGyiOL0VoBYX+l1Wrl3k63h/KrH+nhJ0XvQ==",
      "dev": true,
      "license": "ISC"
    },
    "node_modules/is-fullwidth-code-point": {
      "version": "3.0.0",
      "resolved": "https://registry.npmjs.org/is-fullwidth-code-point/-/is-fullwidth-code-point-3.0.0.tgz",
      "integrity": "sha512-zymm5+u+sCsSWyD9qNaejV3DFvhCKclKdizYaJUuHA83RLjb7nSuGnddCHGv0hk+KY7BMAlsWeK4Ueg6EV6XQg==",
      "license": "MIT",
      "engines": {
        "node": ">=8"
      }
    },
    "node_modules/isexe": {
      "version": "2.0.0",
      "resolved": "https://registry.npmjs.org/isexe/-/isexe-2.0.0.tgz",
      "integrity": "sha512-RHxMLp9lnKHGHRng9QFhRCMbYAcVpn69smSGcq3f36xjgVVWThj4qqLbTLlq7Ssj8B+fIQ1EuCEGI2lKsyQeIw==",
      "license": "ISC"
    },
    "node_modules/jackspeak": {
      "version": "3.4.3",
      "resolved": "https://registry.npmjs.org/jackspeak/-/jackspeak-3.4.3.tgz",
      "integrity": "sha512-OGlZQpz2yfahA/Rd1Y8Cd9SIEsqvXkLVoSw/cgwhnhFMDbsQFeZYoJJ7bIZBS9BcamUW96asq/npPWugM+RQBw==",
      "license": "BlueOak-1.0.0",
      "dependencies": {
        "@isaacs/cliui": "^8.0.2"
      },
      "funding": {
        "url": "https://github.com/sponsors/isaacs"
      },
      "optionalDependencies": {
        "@pkgjs/parseargs": "^0.11.0"
      }
    },
    "node_modules/jsbi": {
      "version": "4.3.2",
      "resolved": "https://registry.npmjs.org/jsbi/-/jsbi-4.3.2.tgz",
      "integrity": "sha512-9fqMSQbhJykSeii05nxKl4m6Eqn2P6rOlYiS+C5Dr/HPIU/7yZxu5qzbs40tgaFORiw2Amd0mirjxatXYMkIew==",
      "license": "Apache-2.0"
    },
    "node_modules/json-schema-traverse": {
      "version": "1.0.0",
      "resolved": "https://registry.npmjs.org/json-schema-traverse/-/json-schema-traverse-1.0.0.tgz",
      "integrity": "sha512-NM8/P9n3XjXhIZn1lLhkFaACTOURQXjWhV4BA/RnOv8xvgqtqpAX9IO4mRQxSx1Rlo4tqzeqb0sOlruaOy3dug==",
      "license": "MIT"
    },
    "node_modules/lodash": {
      "version": "4.18.1",
      "resolved": "https://registry.npmjs.org/lodash/-/lodash-4.18.1.tgz",
      "integrity": "sha512-dMInicTPVE8d1e5otfwmmjlxkZoUpiVLwyeTdUsi/Caj/gfzzblBcCE5sRHV/AsjuCmxWrte2TNGSYuCeCq+0Q==",
      "license": "MIT"
    },
    "node_modules/long": {
      "version": "5.3.2",
      "resolved": "https://registry.npmjs.org/long/-/long-5.3.2.tgz",
      "integrity": "sha512-mNAgZ1GmyNhD7AuqnTG3/VQ26o760+ZYBPKjPvugO8+nLbYfX6TVpJPseBvopbdY+qpZ/lKUnmEc1LeZYS3QAA==",
      "license": "Apache-2.0"
    },
    "node_modules/lru-cache": {
      "version": "10.4.3",
      "resolved": "https://registry.npmjs.org/lru-cache/-/lru-cache-10.4.3.tgz",
      "integrity": "sha512-JNAzZcXrCt42VGLuYz0zfAzDfAvJWW6AfYlDBQyDV5DClI2m5sAmK+OIO7s59XfsRsWHp02jAJrRadPRGTt6SQ==",
      "license": "ISC"
    },
    "node_modules/minimatch": {
      "version": "9.0.9",
      "resolved": "https://registry.npmjs.org/minimatch/-/minimatch-9.0.9.tgz",
      "integrity": "sha512-OBwBN9AL4dqmETlpS2zasx+vTeWclWzkblfZk7KTA5j3jeOONz/tRCnZomUyvNg83wL5Zv9Ss6HMJXAgL8R2Yg==",
      "license": "ISC",
      "dependencies": {
        "brace-expansion": "^2.0.2"
      },
      "engines": {
        "node": ">=16 || 14 >=14.17"
      },
      "funding": {
        "url": "https://github.com/sponsors/isaacs"
      }
    },
    "node_modules/minipass": {
      "version": "7.1.3",
      "resolved": "https://registry.npmjs.org/minipass/-/minipass-7.1.3.tgz",
      "integrity": "sha512-tEBHqDnIoM/1rXME1zgka9g6Q2lcoCkxHLuc7ODJ5BxbP5d4c2Z5cGgtXAku59200Cx7diuHTOYfSBD8n6mm8A==",
      "license": "BlueOak-1.0.0",
      "engines": {
        "node": ">=16 || 14 >=14.17"
      }
    },
    "node_modules/ms": {
      "version": "2.1.3",
      "resolved": "https://registry.npmjs.org/ms/-/ms-2.1.3.tgz",
      "integrity": "sha512-6FlzubTLZG3J2a/NVCAleEhjzq5oxgHyaCU9yYXvcLsvoVaHJq/s5xXI6/XXP6tz7R9xAOtHnSO/tXtF3WRTlA==",
      "license": "MIT"
    },
    "node_modules/package-json-from-dist": {
      "version": "1.0.1",
      "resolved": "https://registry.npmjs.org/package-json-from-dist/-/package-json-from-dist-1.0.1.tgz",
      "integrity": "sha512-UEZIS3/by4OC8vL3P2dTXRETpebLI2NiI5vIrjaD/5UtrkFX/tNbwjTSRAGC/+7CAo2pIcBaRgWmcBBHcsaCIw==",
      "license": "BlueOak-1.0.0"
    },
    "node_modules/path-key": {
      "version": "3.1.1",
      "resolved": "https://registry.npmjs.org/path-key/-/path-key-3.1.1.tgz",
      "integrity": "sha512-ojmeN0qd+y0jszEtoY48r0Peq5dwMEkIlCOu6Q5f41lfkswXuKtYrhgoTpLnyIcHm24Uhqx+5Tqm2InSwLhE6Q==",
      "license": "MIT",
      "engines": {
        "node": ">=8"
      }
    },
    "node_modules/path-scurry": {
      "version": "1.11.1",
      "resolved": "https://registry.npmjs.org/path-scurry/-/path-scurry-1.11.1.tgz",
      "integrity": "sha512-Xa4Nw17FS9ApQFJ9umLiJS4orGjm7ZzwUrwamcGQuHSzDyth9boKDaycYdDcZDuqYATXw4HFXgaqWTctW/v1HA==",
      "license": "BlueOak-1.0.0",
      "dependencies": {
        "lru-cache": "^10.2.0",
        "minipass": "^5.0.0 || ^6.0.2 || ^7.0.0"
      },
      "engines": {
        "node": ">=16 || 14 >=14.18"
      },
      "funding": {
        "url": "https://github.com/sponsors/isaacs"
      }
    },
    "node_modules/progress": {
      "version": "2.0.3",
      "resolved": "https://registry.npmjs.org/progress/-/progress-2.0.3.tgz",
      "integrity": "sha512-7PiHtLll5LdnKIMw100I+8xJXR5gW2QwWYkT6iJva0bXitZKa/XMrSbdmg3r2Xnaidz9Qumd0VPaMrZlF9V9sA==",
      "dev": true,
      "license": "MIT",
      "engines": {
        "node": ">=0.4.0"
      }
    },
    "node_modules/protobufjs": {
      "version": "8.7.1",
      "resolved": "https://registry.npmjs.org/protobufjs/-/protobufjs-8.7.1.tgz",
      "integrity": "sha512-agdGHrXNTv0IrYscJPDou/PlEJk1c/hBZ9o/B5NH2i/nSPtPqacNxzgwf1CebXxFMjMrZH5sqv9uQuw96aGt/A==",
      "license": "BSD-3-Clause",
      "dependencies": {
        "long": "^5.3.2"
      },
      "engines": {
        "node": ">=12.0.0"
      }
    },
    "node_modules/redis": {
      "version": "5.12.1",
      "resolved": "https://registry.npmjs.org/redis/-/redis-5.12.1.tgz",
      "integrity": "sha512-LDsoVvb/CpoV9EN3FXvgvSHNJWuCIzl9MiO3ppOevuGLpSGJhwfQjpEwfFJcQvNSddHADDdZaWx0HnmMxRXG7g==",
      "license": "MIT",
      "dependencies": {
        "@redis/bloom": "5.12.1",
        "@redis/client": "5.12.1",
        "@redis/json": "5.12.1",
        "@redis/search": "5.12.1",
        "@redis/time-series": "5.12.1"
      },
      "engines": {
        "node": ">= 18.19.0"
      }
    },
    "node_modules/require-from-string": {
      "version": "2.0.2",
      "resolved": "https://registry.npmjs.org/require-from-string/-/require-from-string-2.0.2.tgz",
      "integrity": "sha512-Xf0nWe6RseziFMu+Ap9biiUbmplq6S9/p+7w7YXP/JBHhrUDDUhwa+vANyubuqfZWTveU//DYVGsDG7RKL/vEw==",
      "license": "MIT",
      "engines": {
        "node": ">=0.10.0"
      }
    },
    "node_modules/rocketride": {
      "version": "1.3.0",
      "resolved": "https://registry.npmjs.org/rocketride/-/rocketride-1.3.0.tgz",
      "integrity": "sha512-OGrHhDu1jYyAY1JAvqc7yhyV/GBfLAXwRSKSUY+ZbtEVLz9FUYJ39UVfjMZrnrunDOsAqxoAgrMmUiBEjk6xqg==",
      "license": "MIT",
      "dependencies": {
        "commander": "^12.0.0",
        "glob": "^10.5.0"
      },
      "bin": {
        "rocketride": "dist/cli/cli/rocketride.js"
      },
      "optionalDependencies": {
        "ws": "^8.20.1"
      }
    },
    "node_modules/semver": {
      "version": "7.8.5",
      "resolved": "https://registry.npmjs.org/semver/-/semver-7.8.5.tgz",
      "integrity": "sha512-Y7/KDsb8LjooZpwaqGyulO6DQlksgCncchHGk+sZIY4SBvUocMBEFH5Ur1fI4dV+Jvl0w6cjvucaIi40puRioA==",
      "dev": true,
      "license": "ISC",
      "bin": {
        "semver": "bin/semver.js"
      },
      "engines": {
        "node": ">=10"
      }
    },
    "node_modules/shebang-command": {
      "version": "2.0.0",
      "resolved": "https://registry.npmjs.org/shebang-command/-/shebang-command-2.0.0.tgz",
      "integrity": "sha512-kHxr2zZpYtdmrN1qDjrrX/Z1rR1kG8Dx+gkpK1G4eXmvXswmcE1hTWBWYUzlraYw1/yZp6YuDY77YtvbN0dmDA==",
      "license": "MIT",
      "dependencies": {
        "shebang-regex": "^3.0.0"
      },
      "engines": {
        "node": ">=8"
      }
    },
    "node_modules/shebang-regex": {
      "version": "3.0.0",
      "resolved": "https://registry.npmjs.org/shebang-regex/-/shebang-regex-3.0.0.tgz",
      "integrity": "sha512-7++dFhtcx3353uBaq8DDR4NuxBetBzC7ZQOhmTQInHEd6bSrXdiEyzCvG07Z44UYdLShWUyXt5M/yhz8ekcb1A==",
      "license": "MIT",
      "engines": {
        "node": ">=8"
      }
    },
    "node_modules/signal-exit": {
      "version": "4.1.0",
      "resolved": "https://registry.npmjs.org/signal-exit/-/signal-exit-4.1.0.tgz",
      "integrity": "sha512-bzyZ1e88w9O1iNJbKnOlvYTrWPDl46O1bG0D3XInv+9tkPrxrN8jUUTiFlDkkmKWgn1M6CfIA13SuGqOa9Korw==",
      "license": "ISC",
      "engines": {
        "node": ">=14"
      },
      "funding": {
        "url": "https://github.com/sponsors/isaacs"
      }
    },
    "node_modules/string-width": {
      "version": "5.1.2",
      "resolved": "https://registry.npmjs.org/string-width/-/string-width-5.1.2.tgz",
      "integrity": "sha512-HnLOCR3vjcY8beoNLtcjZ5/nxn2afmME6lhrDrebokqMap+XbeW8n9TXpPDOqdGK5qcI3oT0GKTW6wC7EMiVqA==",
      "license": "MIT",
      "dependencies": {
        "eastasianwidth": "^0.2.0",
        "emoji-regex": "^9.2.2",
        "strip-ansi": "^7.0.1"
      },
      "engines": {
        "node": ">=12"
      },
      "funding": {
        "url": "https://github.com/sponsors/sindresorhus"
      }
    },
    "node_modules/string-width-cjs": {
      "name": "string-width",
      "version": "4.2.3",
      "resolved": "https://registry.npmjs.org/string-width/-/string-width-4.2.3.tgz",
      "integrity": "sha512-wKyQRQpjJ0sIp62ErSZdGsjMJWsap5oRNihHhu6G7JVO/9jIB6UyevL+tXuOqrng8j/cxKTWyWUwvSTriiZz/g==",
      "license": "MIT",
      "dependencies": {
        "emoji-regex": "^8.0.0",
        "is-fullwidth-code-point": "^3.0.0",
        "strip-ansi": "^6.0.1"
      },
      "engines": {
        "node": ">=8"
      }
    },
    "node_modules/string-width-cjs/node_modules/ansi-regex": {
      "version": "5.0.1",
      "resolved": "https://registry.npmjs.org/ansi-regex/-/ansi-regex-5.0.1.tgz",
      "integrity": "sha512-quJQXlTSUGL2LH9SUXo8VwsY4soanhgo6LNSm84E1LBcE8s3O0wpdiRzyR9z/ZZJMlMWv37qOOb9pdJlMUEKFQ==",
      "license": "MIT",
      "engines": {
        "node": ">=8"
      }
    },
    "node_modules/string-width-cjs/node_modules/emoji-regex": {
      "version": "8.0.0",
      "resolved": "https://registry.npmjs.org/emoji-regex/-/emoji-regex-8.0.0.tgz",
      "integrity": "sha512-MSjYzcWNOA0ewAHpz0MxpYFvwg6yjy1NG3xteoqz644VCo/RPgnr1/GGt+ic3iJTzQ8Eu3TdM14SawnVUmGE6A==",
      "license": "MIT"
    },
    "node_modules/string-width-cjs/node_modules/strip-ansi": {
      "version": "6.0.1",
      "resolved": "https://registry.npmjs.org/strip-ansi/-/strip-ansi-6.0.1.tgz",
      "integrity": "sha512-Y38VPSHcqkFrCpFnQ9vuSXmquuv5oXOKpGeT6aGrr3o3Gc9AlVa6JBfUSOCnbxGGZF+/0ooI7KrPuUSztUdU5A==",
      "license": "MIT",
      "dependencies": {
        "ansi-regex": "^5.0.1"
      },
      "engines": {
        "node": ">=8"
      }
    },
    "node_modules/strip-ansi": {
      "version": "7.2.0",
      "resolved": "https://registry.npmjs.org/strip-ansi/-/strip-ansi-7.2.0.tgz",
      "integrity": "sha512-yDPMNjp4WyfYBkHnjIRLfca1i6KMyGCtsVgoKe/z1+6vukgaENdgGBZt+ZmKPc4gavvEZ5OgHfHdrazhgNyG7w==",
      "license": "MIT",
      "dependencies": {
        "ansi-regex": "^6.2.2"
      },
      "engines": {
        "node": ">=12"
      },
      "funding": {
        "url": "https://github.com/chalk/strip-ansi?sponsor=1"
      }
    },
    "node_modules/strip-ansi-cjs": {
      "name": "strip-ansi",
      "version": "6.0.1",
      "resolved": "https://registry.npmjs.org/strip-ansi/-/strip-ansi-6.0.1.tgz",
      "integrity": "sha512-Y38VPSHcqkFrCpFnQ9vuSXmquuv5oXOKpGeT6aGrr3o3Gc9AlVa6JBfUSOCnbxGGZF+/0ooI7KrPuUSztUdU5A==",
      "license": "MIT",
      "dependencies": {
        "ansi-regex": "^5.0.1"
      },
      "engines": {
        "node": ">=8"
      }
    },
    "node_modules/strip-ansi-cjs/node_modules/ansi-regex": {
      "version": "5.0.1",
      "resolved": "https://registry.npmjs.org/ansi-regex/-/ansi-regex-5.0.1.tgz",
      "integrity": "sha512-quJQXlTSUGL2LH9SUXo8VwsY4soanhgo6LNSm84E1LBcE8s3O0wpdiRzyR9z/ZZJMlMWv37qOOb9pdJlMUEKFQ==",
      "license": "MIT",
      "engines": {
        "node": ">=8"
      }
    },
    "node_modules/sumchecker": {
      "version": "3.0.1",
      "resolved": "https://registry.npmjs.org/sumchecker/-/sumchecker-3.0.1.tgz",
      "integrity": "sha512-MvjXzkz/BOfyVDkG0oFOtBxHX2u3gKbMHIF/dXblZsgD3BWOFLmHovIpZY7BykJdAjcqRCBi1WYBNdEC9yI7vg==",
      "dev": true,
      "license": "Apache-2.0",
      "dependencies": {
        "debug": "^4.1.0"
      },
      "engines": {
        "node": ">= 8.0"
      }
    },
    "node_modules/undici": {
      "version": "7.29.0",
      "resolved": "https://registry.npmjs.org/undici/-/undici-7.29.0.tgz",
      "integrity": "sha512-IDxfleLmmbSskfWSUATiN1nfn2rDuvnMOqb5CWR92iIfojA0Ud+ulOAAEQ57LPr9rWmsreUyf5lwyao+7GNNVw==",
      "dev": true,
      "license": "MIT",
      "optional": true,
      "engines": {
        "node": ">=20.18.1"
      }
    },
    "node_modules/undici-types": {
      "version": "7.18.2",
      "resolved": "https://registry.npmjs.org/undici-types/-/undici-types-7.18.2.tgz",
      "integrity": "sha512-AsuCzffGHJybSaRrmr5eHr81mwJU3kjw6M+uprWvCXiNeN9SOGwQ3Jn8jb8m3Z6izVgknn1R0FTCEAP2QrLY/w==",
      "dev": true,
      "license": "MIT"
    },
    "node_modules/uuidv7": {
      "version": "1.2.1",
      "resolved": "https://registry.npmjs.org/uuidv7/-/uuidv7-1.2.1.tgz",
      "integrity": "sha512-4kPkK3/XTQW9Hbm4CaqfICn+kY9LJtDVEOfgsRRra/+n2Ofg4NqzRFceAkxvQ/Ud/6BpHOPzj8cirqM7TzTN5Q==",
      "license": "Apache-2.0",
      "bin": {
        "uuidv7": "cli.js"
      }
    },
    "node_modules/which": {
      "version": "2.0.2",
      "resolved": "https://registry.npmjs.org/which/-/which-2.0.2.tgz",
      "integrity": "sha512-BLI3Tl1TW3Pvl70l3yq3Y64i+awpwXqsGBYWkkqMtnbXgrMD+yj7rhW0kuEDxzJaYXGjEW5ogapKNMEKNMjibA==",
      "license": "ISC",
      "dependencies": {
        "isexe": "^2.0.0"
      },
      "bin": {
        "node-which": "bin/node-which"
      },
      "engines": {
        "node": ">= 8"
      }
    },
    "node_modules/wrap-ansi": {
      "version": "8.1.0",
      "resolved": "https://registry.npmjs.org/wrap-ansi/-/wrap-ansi-8.1.0.tgz",
      "integrity": "sha512-si7QWI6zUMq56bESFvagtmzMdGOtoxfR+Sez11Mobfc7tm+VkUckk9bW2UeffTGVUbOksxmSw0AA2gs8g71NCQ==",
      "license": "MIT",
      "dependencies": {
        "ansi-styles": "^6.1.0",
        "string-width": "^5.0.1",
        "strip-ansi": "^7.0.1"
      },
      "engines": {
        "node": ">=12"
      },
      "funding": {
        "url": "https://github.com/chalk/wrap-ansi?sponsor=1"
      }
    },
    "node_modules/wrap-ansi-cjs": {
      "name": "wrap-ansi",
      "version": "7.0.0",
      "resolved": "https://registry.npmjs.org/wrap-ansi/-/wrap-ansi-7.0.0.tgz",
      "integrity": "sha512-YVGIj2kamLSTxw6NsZjoBxfSwsn0ycdesmc4p+Q21c5zPuZ1pl+NfxVdxPtdHvmNVOQ6XSYG4AUtyt/Fi7D16Q==",
      "license": "MIT",
      "dependencies": {
        "ansi-styles": "^4.0.0",
        "string-width": "^4.1.0",
        "strip-ansi": "^6.0.0"
      },
      "engines": {
        "node": ">=10"
      },
      "funding": {
        "url": "https://github.com/chalk/wrap-ansi?sponsor=1"
      }
    },
    "node_modules/wrap-ansi-cjs/node_modules/ansi-regex": {
      "version": "5.0.1",
      "resolved": "https://registry.npmjs.org/ansi-regex/-/ansi-regex-5.0.1.tgz",
      "integrity": "sha512-quJQXlTSUGL2LH9SUXo8VwsY4soanhgo6LNSm84E1LBcE8s3O0wpdiRzyR9z/ZZJMlMWv37qOOb9pdJlMUEKFQ==",
      "license": "MIT",
      "engines": {
        "node": ">=8"
      }
    },
    "node_modules/wrap-ansi-cjs/node_modules/ansi-styles": {
      "version": "4.3.0",
      "resolved": "https://registry.npmjs.org/ansi-styles/-/ansi-styles-4.3.0.tgz",
      "integrity": "sha512-zbB9rCJAT1rbjiVDb2hqKFHNYLxgtk8NURxZ3IZwD3F6NtxbXZQCnnSi1Lkx+IDohdPlFp222wVALIheZJQSEg==",
      "license": "MIT",
      "dependencies": {
        "color-convert": "^2.0.1"
      },
      "engines": {
        "node": ">=8"
      },
      "funding": {
        "url": "https://github.com/chalk/ansi-styles?sponsor=1"
      }
    },
    "node_modules/wrap-ansi-cjs/node_modules/emoji-regex": {
      "version": "8.0.0",
      "resolved": "https://registry.npmjs.org/emoji-regex/-/emoji-regex-8.0.0.tgz",
      "integrity": "sha512-MSjYzcWNOA0ewAHpz0MxpYFvwg6yjy1NG3xteoqz644VCo/RPgnr1/GGt+ic3iJTzQ8Eu3TdM14SawnVUmGE6A==",
      "license": "MIT"
    },
    "node_modules/wrap-ansi-cjs/node_modules/string-width": {
      "version": "4.2.3",
      "resolved": "https://registry.npmjs.org/string-width/-/string-width-4.2.3.tgz",
      "integrity": "sha512-wKyQRQpjJ0sIp62ErSZdGsjMJWsap5oRNihHhu6G7JVO/9jIB6UyevL+tXuOqrng8j/cxKTWyWUwvSTriiZz/g==",
      "license": "MIT",
      "dependencies": {
        "emoji-regex": "^8.0.0",
        "is-fullwidth-code-point": "^3.0.0",
        "strip-ansi": "^6.0.1"
      },
      "engines": {
        "node": ">=8"
      }
    },
    "node_modules/wrap-ansi-cjs/node_modules/strip-ansi": {
      "version": "6.0.1",
      "resolved": "https://registry.npmjs.org/strip-ansi/-/strip-ansi-6.0.1.tgz",
      "integrity": "sha512-Y38VPSHcqkFrCpFnQ9vuSXmquuv5oXOKpGeT6aGrr3o3Gc9AlVa6JBfUSOCnbxGGZF+/0ooI7KrPuUSztUdU5A==",
      "license": "MIT",
      "dependencies": {
        "ansi-regex": "^5.0.1"
      },
      "engines": {
        "node": ">=8"
      }
    },
    "node_modules/ws": {
      "version": "8.21.2",
      "resolved": "https://registry.npmjs.org/ws/-/ws-8.21.2.tgz",
      "integrity": "sha512-54dMVAo4WIe6SKy3vBgN+9bJZqqQ8IMRevAkOLQALhi49qkkQDQfWdAZ8KQlXiEabw88ARXXdUrlvtbKQX+aKw==",
      "license": "MIT",
      "optional": true,
      "engines": {
        "node": ">=10.0.0"
      },
      "peerDependencies": {
        "bufferutil": "^4.0.1",
        "utf-8-validate": ">=5.0.2"
      },
      "peerDependenciesMeta": {
        "bufferutil": {
          "optional": true
        },
        "utf-8-validate": {
          "optional": true
        }
      }
    }
  }
}
